
Microsoft Visual Studio Solution File, Format Version 12.00
# Visual Studio Version 16
VisualStudioVersion = 25.0.1704.0
MinimumVisualStudioVersion = 10.0.40219.1
Project("{FAE04EC0-301F-11D3-BF4B-00C04F79EFBC}") = "Donguler", "Donguler.csproj", "{9D2D1973-FABA-4983-8F76-D2A3203FF86F}"
EndProject
Global
	GlobalSection(SolutionConfigurationPlatforms) = preSolution
		Debug|Any CPU = Debug|Any CPU
		Release|Any CPU = Release|Any CPU
	EndGlobalSection
	GlobalSection(ProjectConfigurationPlatforms) = postSolution
		{9D2D1973-FABA-4983-8F76-D2A3203FF86F}.Debug|Any CPU.ActiveCfg = Debug|Any CPU
		{9D2D1973-FABA-4983-8F76-D2A3203FF86F}.Debug|Any CPU.Build.0 = Debug|Any CPU
		{9D2D1973-FABA-4983-8F76-D2A3203FF86F}.Release|Any CPU.ActiveCfg = Release|Any CPU
		{9D2D1973-FABA-4983-8F76-D2A3203FF86F}.Release|Any CPU.Build.0 = Release|Any CPU
	EndGlobalSection
	GlobalSection(SolutionProperties) = preSolution
		HideSolutionNode = FALSE
	EndGlobalSection
	GlobalSection(ExtensibilityGlobals) = postSolution
		SolutionGuid = {2C66C6D8-B7E8-4DF5-97A0-02EF0144667A}
	EndGlobalSection
EndGlobal
