
Microsoft Visual Studio Solution File, Format Version 12.00
# Visual Studio Version 16
VisualStudioVersion = 25.0.1706.7
MinimumVisualStudioVersion = 10.0.40219.1
Project("{FAE04EC0-301F-11D3-BF4B-00C04F79EFBC}") = "NesneTabanli", "NesneTabanli.csproj", "{9CADD593-9DB3-470E-97CC-D53C4A7D91C7}"
EndProject
Global
	GlobalSection(SolutionConfigurationPlatforms) = preSolution
		Debug|Any CPU = Debug|Any CPU
		Release|Any CPU = Release|Any CPU
	EndGlobalSection
	GlobalSection(ProjectConfigurationPlatforms) = postSolution
		{9CADD593-9DB3-470E-97CC-D53C4A7D91C7}.Debug|Any CPU.ActiveCfg = Debug|Any CPU
		{9CADD593-9DB3-470E-97CC-D53C4A7D91C7}.Debug|Any CPU.Build.0 = Debug|Any CPU
		{9CADD593-9DB3-470E-97CC-D53C4A7D91C7}.Release|Any CPU.ActiveCfg = Release|Any CPU
		{9CADD593-9DB3-470E-97CC-D53C4A7D91C7}.Release|Any CPU.Build.0 = Release|Any CPU
	EndGlobalSection
	GlobalSection(SolutionProperties) = preSolution
		HideSolutionNode = FALSE
	EndGlobalSection
	GlobalSection(ExtensibilityGlobals) = postSolution
		SolutionGuid = {C689E733-7F33-4CAD-8761-8CCF64FE6920}
	EndGlobalSection
EndGlobal
